// !$*UTF8*$!
{
	archiveVersion = 1;
	classes = {
	};
	objectVersion = 46;
	objects = {

/* Begin PBXBuildFile section */
		DFCD6A6F1D694CE700FAFD8C /* AppDelegate.swift in Sources */ = {isa = PBXBuildFile; fileRef = DFCD6A6E1D694CE700FAFD8C /* AppDelegate.swift */; };
		DFCD6A711D694CE700FAFD8C /* ViewController.swift in Sources */ = {isa = PBXBuildFile; fileRef = DFCD6A701D694CE700FAFD8C /* ViewController.swift */; };
		DFCD6A741D694CE700FAFD8C /* Main.storyboard in Resources */ = {isa = PBXBuildFile; fileRef = DFCD6A721D694CE700FAFD8C /* Main.storyboard */; };
		DFCD6A761D694CE700FAFD8C /* Assets.xcassets in Resources */ = {isa = PBXBuildFile; fileRef = DFCD6A751D694CE700FAFD8C /* Assets.xcassets */; };
		DFCD6A791D694CE700FAFD8C /* LaunchScreen.storyboard in Resources */ = {isa = PBXBuildFile; fileRef = DFCD6A771D694CE700FAFD8C /* LaunchScreen.storyboard */; };
		DFCD6A841D694CE700FAFD8C /* LZRadioTests.swift in Sources */ = {isa = PBXBuildFile; fileRef = DFCD6A831D694CE700FAFD8C /* LZRadioTests.swift */; };
		DFCD6A8F1D694CE700FAFD8C /* LZRadioUITests.swift in Sources */ = {isa = PBXBuildFile; fileRef = DFCD6A8E1D694CE700FAFD8C /* LZRadioUITests.swift */; };
/* End PBXBuildFile section */

/* Begin PBXContainerItemProxy section */
		DFCD6A801D694CE700FAFD8C /* PBXContainerItemProxy */ = {
			isa = PBXContainerItemProxy;
			containerPortal = DFCD6A631D694CE700FAFD8C /* Project object */;
			proxyType = 1;
			remoteGlobalIDString = DFCD6A6A1D694CE700FAFD8C;
			remoteInfo = LZRadio;
		};
		DFCD6A8B1D694CE700FAFD8C /* PBXContainerItemProxy */ = {
			isa = PBXContainerItemProxy;
			containerPortal = DFCD6A631D694CE700FAFD8C /* Project object */;
			proxyType = 1;
			remoteGlobalIDString = DFCD6A6A1D694CE700FAFD8C;
			remoteInfo = LZRadio;
		};
/* End PBXContainerItemProxy section */

/* Begin PBXFileReference section */
		DFCD6A6B1D694CE700FAFD8C /* LZRadio.app */ = {isa = PBXFileReference; explicitFileType = wrapper.application; includeInIndex = 0; path = LZRadio.app; sourceTree = BUILT_PRODUCTS_DIR; };
		DFCD6A6E1D694CE700FAFD8C /* AppDelegate.swift */ = {isa = PBXFileReference; lastKnownFileType = sourcecode.swift; path = AppDelegate.swift; sourceTree = "<group>"; };
		DFCD6A701D694CE700FAFD8C /* ViewController.swift */ = {isa = PBXFileReference; lastKnownFileType = sourcecode.swift; path = ViewController.swift; sourceTree = "<group>"; };
		DFCD6A731D694CE700FAFD8C /* Base */ = {isa = PBXFileReference; lastKnownFileType = file.storyboard; name = Base; path = Base.lproj/Main.storyboard; sourceTree = "<group>"; };
		DFCD6A751D694CE700FAFD8C /* Assets.xcassets */ = {isa = PBXFileReference; lastKnownFileType = folder.assetcatalog; path = Assets.xcassets; sourceTree = "<group>"; };
		DFCD6A781D694CE700FAFD8C /* Base */ = {isa = PBXFileReference; lastKnownFileType = file.storyboard; name = Base; path = Base.lproj/LaunchScreen.storyboard; sourceTree = "<group>"; };
		DFCD6A7A1D694CE700FAFD8C /* Info.plist */ = {isa = PBXFileReference; lastKnownFileType = text.plist.xml; path = Info.plist; sourceTree = "<group>"; };
		DFCD6A7F1D694CE700FAFD8C /* LZRadioTests.xctest */ = {isa = PBXFileReference; explicitFileType = wrapper.cfbundle; includeInIndex = 0; path = LZRadioTests.xctest; sourceTree = BUILT_PRODUCTS_DIR; };
		DFCD6A831D694CE700FAFD8C /* LZRadioTests.swift */ = {isa = PBXFileReference; lastKnownFileType = sourcecode.swift; path = LZRadioTests.swift; sourceTree = "<group>"; };
		DFCD6A851D694CE700FAFD8C /* Info.plist */ = {isa = PBXFileReference; lastKnownFileType = text.plist.xml; path = Info.plist; sourceTree = "<group>"; };
		DFCD6A8A1D694CE700FAFD8C /* LZRadioUITests.xctest */ = {isa = PBXFileReference; explicitFileType = wrapper.cfbundle; includeInIndex = 0; path = LZRadioUITests.xctest; sourceTree = BUILT_PRODUCTS_DIR; };
		DFCD6A8E1D694CE700FAFD8C /* LZRadioUITests.swift */ = {isa = PBXFileReference; lastKnownFileType = sourcecode.swift; path = LZRadioUITests.swift; sourceTree = "<group>"; };
		DFCD6A901D694CE700FAFD8C /* Info.plist */ = {isa = PBXFileReference; lastKnownFileType = text.plist.xml; path = Info.plist; sourceTree = "<group>"; };
/* End PBXFileReference section */

/* Begin PBXFrameworksBuildPhase section */
		DFCD6A681D694CE700FAFD8C /* Frameworks */ = {
			isa = PBXFrameworksBuildPhase;
			buildActionMask = 2147483647;
			files = (
			);
			runOnlyForDeploymentPostprocessing = 0;
		};
		DFCD6A7C1D694CE700FAFD8C /* Frameworks */ = {
			isa = PBXFrameworksBuildPhase;
			buildActionMask = 2147483647;
			files = (
			);
			runOnlyForDeploymentPostprocessing = 0;
		};
		DFCD6A871D694CE700FAFD8C /* Frameworks */ = {
			isa = PBXFrameworksBuildPhase;
			buildActionMask = 2147483647;
			files = (
			);
			runOnlyForDeploymentPostprocessing = 0;
		};
/* End PBXFrameworksBuildPhase section */

/* Begin PBXGroup section */
		DFCD6A621D694CE700FAFD8C = {
			isa = PBXGroup;
			children = (
				DFCD6A6D1D694CE700FAFD8C /* LZRadio */,
				DFCD6A821D694CE700FAFD8C /* LZRadioTests */,
				DFCD6A8D1D694CE700FAFD8C /* LZRadioUITests */,
				DFCD6A6C1D694CE700FAFD8C /* Products */,
			);
			sourceTree = "<group>";
		};
		DFCD6A6C1D694CE700FAFD8C /* Products */ = {
			isa = PBXGroup;
			children = (
				DFCD6A6B1D694CE700FAFD8C /* LZRadio.app */,
				DFCD6A7F1D694CE700FAFD8C /* LZRadioTests.xctest */,
				DFCD6A8A1D694CE700FAFD8C /* LZRadioUITests.xctest */,
			);
			name = Products;
			sourceTree = "<group>";
		};
		DFCD6A6D1D694CE700FAFD8C /* LZRadio */ = {
			isa = PBXGroup;
			children = (
				DFCD6A6E1D694CE700FAFD8C /* AppDelegate.swift */,
				DFCD6A701D694CE700FAFD8C /* ViewController.swift */,
				DFCD6A721D694CE700FAFD8C /* Main.storyboard */,
				DFCD6A751D694CE700FAFD8C /* Assets.xcassets */,
				DFCD6A771D694CE700FAFD8C /* LaunchScreen.storyboard */,
				DFCD6A7A1D694CE700FAFD8C /* Info.plist */,
			);
			path = LZRadio;
			sourceTree = "<group>";
		};
		DFCD6A821D694CE700FAFD8C /* LZRadioTests */ = {
			isa = PBXGroup;
			children = (
				DFCD6A831D694CE700FAFD8C /* LZRadioTests.swift */,
				DFCD6A851D694CE700FAFD8C /* Info.plist */,
			);
			path = LZRadioTests;
			sourceTree = "<group>";
		};
		DFCD6A8D1D694CE700FAFD8C /* LZRadioUITests */ = {
			isa = PBXGroup;
			children = (
				DFCD6A8E1D694CE700FAFD8C /* LZRadioUITests.swift */,
				DFCD6A901D694CE700FAFD8C /* Info.plist */,
			);
			path = LZRadioUITests;
			sourceTree = "<group>";
		};
/* End PBXGroup section */

/* Begin PBXNativeTarget section */
		DFCD6A6A1D694CE700FAFD8C /* LZRadio */ = {
			isa = PBXNativeTarget;
			buildConfigurationList = DFCD6A931D694CE700FAFD8C /* Build configuration list for PBXNativeTarget "LZRadio" */;
			buildPhases = (
				DFCD6A671D694CE700FAFD8C /* Sources */,
				DFCD6A681D694CE700FAFD8C /* Frameworks */,
				DFCD6A691D694CE700FAFD8C /* Resources */,
			);
			buildRules = (
			);
			dependencies = (
			);
			name = LZRadio;
			productName = LZRadio;
			productReference = DFCD6A6B1D694CE700FAFD8C /* LZRadio.app */;
			productType = "com.apple.product-type.application";
		};
		DFCD6A7E1D694CE700FAFD8C /* LZRadioTests */ = {
			isa = PBXNativeTarget;
			buildConfigurationList = DFCD6A961D694CE700FAFD8C /* Build configuration list for PBXNativeTarget "LZRadioTests" */;
			buildPhases = (
				DFCD6A7B1D694CE700FAFD8C /* Sources */,
				DFCD6A7C1D694CE700FAFD8C /* Frameworks */,
				DFCD6A7D1D694CE700FAFD8C /* Resources */,
			);
			buildRules = (
			);
			dependencies = (
				DFCD6A811D694CE700FAFD8C /* PBXTargetDependency */,
			);
			name = LZRadioTests;
			productName = LZRadioTests;
			productReference = DFCD6A7F1D694CE700FAFD8C /* LZRadioTests.xctest */;
			productType = "com.apple.product-type.bundle.unit-test";
		};
		DFCD6A891D694CE700FAFD8C /* LZRadioUITests */ = {
			isa = PBXNativeTarget;
			buildConfigurationList = DFCD6A991D694CE700FAFD8C /* Build configuration list for PBXNativeTarget "LZRadioUITests" */;
			buildPhases = (
				DFCD6A861D694CE700FAFD8C /* Sources */,
				DFCD6A871D694CE700FAFD8C /* Frameworks */,
				DFCD6A881D694CE700FAFD8C /* Resources */,
			);
			buildRules = (
			);
			dependencies = (
				DFCD6A8C1D694CE700FAFD8C /* PBXTargetDependency */,
			);
			name = LZRadioUITests;
			productName = LZRadioUITests;
			productReference = DFCD6A8A1D694CE700FAFD8C /* LZRadioUITests.xctest */;
			productType = "com.apple.product-type.bundle.ui-testing";
		};
/* End PBXNativeTarget section */

/* Begin PBXProject section */
		DFCD6A631D694CE700FAFD8C /* Project object */ = {
			isa = PBXProject;
			attributes = {
				LastSwiftUpdateCheck = 0730;
				LastUpgradeCheck = 0730;
				ORGANIZATIONNAME = "Lizard Systems";
				TargetAttributes = {
					DFCD6A6A1D694CE700FAFD8C = {
						CreatedOnToolsVersion = 7.3.1;
					};
					DFCD6A7E1D694CE700FAFD8C = {
						CreatedOnToolsVersion = 7.3.1;
						TestTargetID = DFCD6A6A1D694CE700FAFD8C;
					};
					DFCD6A891D694CE700FAFD8C = {
						CreatedOnToolsVersion = 7.3.1;
						TestTargetID = DFCD6A6A1D694CE700FAFD8C;
					};
				};
			};
			buildConfigurationList = DFCD6A661D694CE700FAFD8C /* Build configuration list for PBXProject "LZRadio" */;
			compatibilityVersion = "Xcode 3.2";
			developmentRegion = English;
			hasScannedForEncodings = 0;
			knownRegions = (
				en,
				Base,
			);
			mainGroup = DFCD6A621D694CE700FAFD8C;
			productRefGroup = DFCD6A6C1D694CE700FAFD8C /* Products */;
			projectDirPath = "";
			projectRoot = "";
			targets = (
				DFCD6A6A1D694CE700FAFD8C /* LZRadio */,
				DFCD6A7E1D694CE700FAFD8C /* LZRadioTests */,
				DFCD6A891D694CE700FAFD8C /* LZRadioUITests */,
			);
		};
/* End PBXProject section */

/* Begin PBXResourcesBuildPhase section */
		DFCD6A691D694CE700FAFD8C /* Resources */ = {
			isa = PBXResourcesBuildPhase;
			buildActionMask = 2147483647;
			files = (
				DFCD6A791D694CE700FAFD8C /* LaunchScreen.storyboard in Resources */,
				DFCD6A761D694CE700FAFD8C /* Assets.xcassets in Resources */,
				DFCD6A741D694CE700FAFD8C /* Main.storyboard in Resources */,
			);
			runOnlyForDeploymentPostprocessing = 0;
		};
		DFCD6A7D1D694CE700FAFD8C /* Resources */ = {
			isa = PBXResourcesBuildPhase;
			buildActionMask = 2147483647;
			files = (
			);
			runOnlyForDeploymentPostprocessing = 0;
		};
		DFCD6A881D694CE700FAFD8C /* Resources */ = {
			isa = PBXResourcesBuildPhase;
			buildActionMask = 2147483647;
			files = (
			);
			runOnlyForDeploymentPostprocessing = 0;
		};
/* End PBXResourcesBuildPhase section */

/* Begin PBXSourcesBuildPhase section */
		DFCD6A671D694CE700FAFD8C /* Sources */ = {
			isa = PBXSourcesBuildPhase;
			buildActionMask = 2147483647;
			files = (
				DFCD6A711D694CE700FAFD8C /* ViewController.swift in Sources */,
				DFCD6A6F1D694CE700FAFD8C /* AppDelegate.swift in Sources */,
			);
			runOnlyForDeploymentPostprocessing = 0;
		};
		DFCD6A7B1D694CE700FAFD8C /* Sources */ = {
			isa = PBXSourcesBuildPhase;
			buildActionMask = 2147483647;
			files = (
				DFCD6A841D694CE700FAFD8C /* LZRadioTests.swift in Sources */,
			);
			runOnlyForDeploymentPostprocessing = 0;
		};
		DFCD6A861D694CE700FAFD8C /* Sources */ = {
			isa = PBXSourcesBuildPhase;
			buildActionMask = 2147483647;
			files = (
				DFCD6A8F1D694CE700FAFD8C /* LZRadioUITests.swift in Sources */,
			);
			runOnlyForDeploymentPostprocessing = 0;
		};
/* End PBXSourcesBuildPhase section */

/* Begin PBXTargetDependency section */
		DFCD6A811D694CE700FAFD8C /* PBXTargetDependency */ = {
			isa = PBXTargetDependency;
			target = DFCD6A6A1D694CE700FAFD8C /* LZRadio */;
			targetProxy = DFCD6A801D694CE700FAFD8C /* PBXContainerItemProxy */;
		};
		DFCD6A8C1D694CE700FAFD8C /* PBXTargetDependency */ = {
			isa = PBXTargetDependency;
			target = DFCD6A6A1D694CE700FAFD8C /* LZRadio */;
			targetProxy = DFCD6A8B1D694CE700FAFD8C /* PBXContainerItemProxy */;
		};
/* End PBXTargetDependency section */

/* Begin PBXVariantGroup section */
		DFCD6A721D694CE700FAFD8C /* Main.storyboard */ = {
			isa = PBXVariantGroup;
			children = (
				DFCD6A731D694CE700FAFD8C /* Base */,
			);
			name = Main.storyboard;
			sourceTree = "<group>";
		};
		DFCD6A771D694CE700FAFD8C /* LaunchScreen.storyboard */ = {
			isa = PBXVariantGroup;
			children = (
				DFCD6A781D694CE700FAFD8C /* Base */,
			);
			name = LaunchScreen.storyboard;
			sourceTree = "<group>";
		};
/* End PBXVariantGroup section */

/* Begin XCBuildConfiguration section */
		DFCD6A911D694CE700FAFD8C /* Debug */ = {
			isa = XCBuildConfiguration;
			buildSettings = {
				ALWAYS_SEARCH_USER_PATHS = NO;
				CLANG_ANALYZER_NONNULL = YES;
				CLANG_CXX_LANGUAGE_STANDARD = "gnu++0x";
				CLANG_CXX_LIBRARY = "libc++";
				CLANG_ENABLE_MODULES = YES;
				CLANG_ENABLE_OBJC_ARC = YES;
				CLANG_WARN_BOOL_CONVERSION = YES;
				CLANG_WARN_CONSTANT_CONVERSION = YES;
				CLANG_WARN_DIRECT_OBJC_ISA_USAGE = YES_ERROR;
				CLANG_WARN_EMPTY_BODY = YES;
				CLANG_WARN_ENUM_CONVERSION = YES;
				CLANG_WARN_INT_CONVERSION = YES;
				CLANG_WARN_OBJC_ROOT_CLASS = YES_ERROR;
				CLANG_WARN_UNREACHABLE_CODE = YES;
				CLANG_WARN__DUPLICATE_METHOD_MATCH = YES;
				"CODE_SIGN_IDENTITY[sdk=iphoneos*]" = "iPhone Developer";
				COPY_PHASE_STRIP = NO;
				DEBUG_INFORMATION_FORMAT = dwarf;
				ENABLE_STRICT_OBJC_MSGSEND = YES;
				ENABLE_TESTABILITY = YES;
				GCC_C_LANGUAGE_STANDARD = gnu99;
				GCC_DYNAMIC_NO_PIC = NO;
				GCC_NO_COMMON_BLOCKS = YES;
				GCC_OPTIMIZATION_LEVEL = 0;
				GCC_PREPROCESSOR_DEFINITIONS = (
					"DEBUG=1",
					"$(inherited)",
				);
				GCC_WARN_64_TO_32_BIT_CONVERSION = YES;
				GCC_WARN_ABOUT_RETURN_TYPE = YES_ERROR;
				GCC_WARN_UNDECLARED_SELECTOR = YES;
				GCC_WARN_UNINITIALIZED_AUTOS = YES_AGGRESSIVE;
				GCC_WARN_UNUSED_FUNCTION = YES;
				GCC_WARN_UNUSED_VARIABLE = YES;
				IPHONEOS_DEPLOYMENT_TARGET = 9.3;
				MTL_ENABLE_DEBUG_INFO = YES;
				ONLY_ACTIVE_ARCH = YES;
				SDKROOT = iphoneos;
				SWIFT_OPTIMIZATION_LEVEL = "-Onone";
				TARGETED_DEVICE_FAMILY = "1,2";
			};
			name = Debug;
		};
		DFCD6A921D694CE700FAFD8C /* Release */ = {
			isa = XCBuildConfiguration;
			buildSettings = {
				ALWAYS_SEARCH_USER_PATHS = NO;
				CLANG_ANALYZER_NONNULL = YES;
				CLANG_CXX_LANGUAGE_STANDARD = "gnu++0x";
				CLANG_CXX_LIBRARY = "libc++";
				CLANG_ENABLE_MODULES = YES;
				CLANG_ENABLE_OBJC_ARC = YES;
				CLANG_WARN_BOOL_CONVERSION = YES;
				CLANG_WARN_CONSTANT_CONVERSION = YES;
				CLANG_WARN_DIRECT_OBJC_ISA_USAGE = YES_ERROR;
				CLANG_WARN_EMPTY_BODY = YES;
				CLANG_WARN_ENUM_CONVERSION = YES;
				CLANG_WARN_INT_CONVERSION = YES;
				CLANG_WARN_OBJC_ROOT_CLASS = YES_ERROR;
				CLANG_WARN_UNREACHABLE_CODE = YES;
				CLANG_WARN__DUPLICATE_METHOD_MATCH = YES;
				"CODE_SIGN_IDENTITY[sdk=iphoneos*]" = "iPhone Developer";
				COPY_PHASE_STRIP = NO;
				DEBUG_INFORMATION_FORMAT = "dwarf-with-dsym";
				ENABLE_NS_ASSERTIONS = NO;
				ENABLE_STRICT_OBJC_MSGSEND = YES;
				GCC_C_LANGUAGE_STANDARD = gnu99;
				GCC_NO_COMMON_BLOCKS = YES;
				GCC_WARN_64_TO_32_BIT_CONVERSION = YES;
				GCC_WARN_ABOUT_RETURN_TYPE = YES_ERROR;
				GCC_WARN_UNDECLARED_SELECTOR = YES;
				GCC_WARN_UNINITIALIZED_AUTOS = YES_AGGRESSIVE;
				GCC_WARN_UNUSED_FUNCTION = YES;
				GCC_WARN_UNUSED_VARIABLE = YES;
				IPHONEOS_DEPLOYMENT_TARGET = 9.3;
				MTL_ENABLE_DEBUG_INFO = NO;
				SDKROOT = iphoneos;
				TARGETED_DEVICE_FAMILY = "1,2";
				VALIDATE_PRODUCT = YES;
			};
			name = Release;
		};
		DFCD6A941D694CE700FAFD8C /* Debug */ = {
			isa = XCBuildConfiguration;
			buildSettings = {
				ASSETCATALOG_COMPILER_APPICON_NAME = AppIcon;
				INFOPLIST_FILE = LZRadio/Info.plist;
				LD_RUNPATH_SEARCH_PATHS = "$(inherited) @executable_path/Frameworks";
				PRODUCT_BUNDLE_IDENTIFIER = "Lizard-Systems.LZRadio";
				PRODUCT_NAME = "$(TARGET_NAME)";
			};
			name = Debug;
		};
		DFCD6A951D694CE700FAFD8C /* Release */ = {
			isa = XCBuildConfiguration;
			buildSettings = {
				ASSETCATALOG_COMPILER_APPICON_NAME = AppIcon;
				INFOPLIST_FILE = LZRadio/Info.plist;
				LD_RUNPATH_SEARCH_PATHS = "$(inherited) @executable_path/Frameworks";
				PRODUCT_BUNDLE_IDENTIFIER = "Lizard-Systems.LZRadio";
				PRODUCT_NAME = "$(TARGET_NAME)";
			};
			name = Release;
		};
		DFCD6A971D694CE700FAFD8C /* Debug */ = {
			isa = XCBuildConfiguration;
			buildSettings = {
				BUNDLE_LOADER = "$(TEST_HOST)";
				INFOPLIST_FILE = LZRadioTests/Info.plist;
				LD_RUNPATH_SEARCH_PATHS = "$(inherited) @executable_path/Frameworks @loader_path/Frameworks";
				PRODUCT_BUNDLE_IDENTIFIER = "Lizard-Systems.LZRadioTests";
				PRODUCT_NAME = "$(TARGET_NAME)";
				TEST_HOST = "$(BUILT_PRODUCTS_DIR)/LZRadio.app/LZRadio";
			};
			name = Debug;
		};
		DFCD6A981D694CE700FAFD8C /* Release */ = {
			isa = XCBuildConfiguration;
			buildSettings = {
				BUNDLE_LOADER = "$(TEST_HOST)";
				INFOPLIST_FILE = LZRadioTests/Info.plist;
				LD_RUNPATH_SEARCH_PATHS = "$(inherited) @executable_path/Frameworks @loader_path/Frameworks";
				PRODUCT_BUNDLE_IDENTIFIER = "Lizard-Systems.LZRadioTests";
				PRODUCT_NAME = "$(TARGET_NAME)";
				TEST_HOST = "$(BUILT_PRODUCTS_DIR)/LZRadio.app/LZRadio";
			};
			name = Release;
		};
		DFCD6A9A1D694CE700FAFD8C /* Debug */ = {
			isa = XCBuildConfiguration;
			buildSettings = {
				INFOPLIST_FILE = LZRadioUITests/Info.plist;
				LD_RUNPATH_SEARCH_PATHS = "$(inherited) @executable_path/Frameworks @loader_path/Frameworks";
				PRODUCT_BUNDLE_IDENTIFIER = "Lizard-Systems.LZRadioUITests";
				PRODUCT_NAME = "$(TARGET_NAME)";
				TEST_TARGET_NAME = LZRadio;
			};
			name = Debug;
		};
		DFCD6A9B1D694CE700FAFD8C /* Release */ = {
			isa = XCBuildConfiguration;
			buildSettings = {
				INFOPLIST_FILE = LZRadioUITests/Info.plist;
				LD_RUNPATH_SEARCH_PATHS = "$(inherited) @executable_path/Frameworks @loader_path/Frameworks";
				PRODUCT_BUNDLE_IDENTIFIER = "Lizard-Systems.LZRadioUITests";
				PRODUCT_NAME = "$(TARGET_NAME)";
				TEST_TARGET_NAME = LZRadio;
			};
			name = Release;
		};
/* End XCBuildConfiguration section */

/* Begin XCConfigurationList section */
		DFCD6A661D694CE700FAFD8C /* Build configuration list for PBXProject "LZRadio" */ = {
			isa = XCConfigurationList;
			buildConfigurations = (
				DFCD6A911D694CE700FAFD8C /* Debug */,
				DFCD6A921D694CE700FAFD8C /* Release */,
			);
			defaultConfigurationIsVisible = 0;
			defaultConfigurationName = Release;
		};
		DFCD6A931D694CE700FAFD8C /* Build configuration list for PBXNativeTarget "LZRadio" */ = {
			isa = XCConfigurationList;
			buildConfigurations = (
				DFCD6A941D694CE700FAFD8C /* Debug */,
				DFCD6A951D694CE700FAFD8C /* Release */,
			);
			defaultConfigurationIsVisible = 0;
		};
		DFCD6A961D694CE700FAFD8C /* Build configuration list for PBXNativeTarget "LZRadioTests" */ = {
			isa = XCConfigurationList;
			buildConfigurations = (
				DFCD6A971D694CE700FAFD8C /* Debug */,
				DFCD6A981D694CE700FAFD8C /* Release */,
			);
			defaultConfigurationIsVisible = 0;
		};
		DFCD6A991D694CE700FAFD8C /* Build configuration list for PBXNativeTarget "LZRadioUITests" */ = {
			isa = XCConfigurationList;
			buildConfigurations = (
				DFCD6A9A1D694CE700FAFD8C /* Debug */,
				DFCD6A9B1D694CE700FAFD8C /* Release */,
			);
			defaultConfigurationIsVisible = 0;
		};
/* End XCConfigurationList section */
	};
	rootObject = DFCD6A631D694CE700FAFD8C /* Project object */;
}
